
Microsoft Visual Studio Solution File, Format Version 12.00
# Visual Studio Version 16
VisualStudioVersion = 16.0.30611.23
MinimumVisualStudioVersion = 10.0.40219.1
Project("{FAE04EC0-301F-11D3-BF4B-00C04F79EFBC}") = "WorldSharpCLI", "WorldSharpCLI\WorldSharpCLI.csproj", "{48CA1C4B-5CB4-44D8-9216-43F20794BC2C}"
EndProject
Project("{FAE04EC0-301F-11D3-BF4B-00C04F79EFBC}") = "WorldSharpDLL", "WorldSharpDLL\WorldSharpDLL.csproj", "{11921B14-698E-4B41-A273-EBFDA79595B6}"
EndProject
Global
	GlobalSection(SolutionConfigurationPlatforms) = preSolution
		Debug|Any CPU = Debug|Any CPU
		Release|Any CPU = Release|Any CPU
	EndGlobalSection
	GlobalSection(ProjectConfigurationPlatforms) = postSolution
		{48CA1C4B-5CB4-44D8-9216-43F20794BC2C}.Debug|Any CPU.ActiveCfg = Debug|Any CPU
		{48CA1C4B-5CB4-44D8-9216-43F20794BC2C}.Debug|Any CPU.Build.0 = Debug|Any CPU
		{48CA1C4B-5CB4-44D8-9216-43F20794BC2C}.Release|Any CPU.ActiveCfg = Release|Any CPU
		{48CA1C4B-5CB4-44D8-9216-43F20794BC2C}.Release|Any CPU.Build.0 = Release|Any CPU
		{11921B14-698E-4B41-A273-EBFDA79595B6}.Debug|Any CPU.ActiveCfg = Debug|Any CPU
		{11921B14-698E-4B41-A273-EBFDA79595B6}.Debug|Any CPU.Build.0 = Debug|Any CPU
		{11921B14-698E-4B41-A273-EBFDA79595B6}.Release|Any CPU.ActiveCfg = Release|Any CPU
		{11921B14-698E-4B41-A273-EBFDA79595B6}.Release|Any CPU.Build.0 = Release|Any CPU
	EndGlobalSection
	GlobalSection(SolutionProperties) = preSolution
		HideSolutionNode = FALSE
	EndGlobalSection
	GlobalSection(ExtensibilityGlobals) = postSolution
		SolutionGuid = {134F3F50-44DA-4BEE-B4C4-5BDCBD2A598A}
	EndGlobalSection
EndGlobal
